// !$*UTF8*$!
{
	archiveVersion = 1;
	classes = {
	};
	objectVersion = 50;
	objects = {

/* Begin PBXBuildFile section */
		84613D662491EB6C00D53AF7 /* AppDelegate.swift in Sources */ = {isa = PBXBuildFile; fileRef = 84613D652491EB6C00D53AF7 /* AppDelegate.swift */; };
		84613D682491EB6C00D53AF7 /* SceneDelegate.swift in Sources */ = {isa = PBXBuildFile; fileRef = 84613D672491EB6C00D53AF7 /* SceneDelegate.swift */; };
		84613D6A2491EB6C00D53AF7 /* ViewController.swift in Sources */ = {isa = PBXBuildFile; fileRef = 84613D692491EB6C00D53AF7 /* ViewController.swift */; };
		84613D6D2491EB6C00D53AF7 /* Main.storyboard in Resources */ = {isa = PBXBuildFile; fileRef = 84613D6B2491EB6C00D53AF7 /* Main.storyboard */; };
		84613D6F2491EB8400D53AF7 /* Assets.xcassets in Resources */ = {isa = PBXBuildFile; fileRef = 84613D6E2491EB8400D53AF7 /* Assets.xcassets */; };
		84613D722491EB8400D53AF7 /* LaunchScreen.storyboard in Resources */ = {isa = PBXBuildFile; fileRef = 84613D702491EB8400D53AF7 /* LaunchScreen.storyboard */; };
/* End PBXBuildFile section */

/* Begin PBXFileReference section */
		84613D622491EB6C00D53AF7 /* youtube_one_day_build.app */ = {isa = PBXFileReference; explicitFileType = wrapper.application; includeInIndex = 0; path = youtube_one_day_build.app; sourceTree = BUILT_PRODUCTS_DIR; };
		84613D652491EB6C00D53AF7 /* AppDelegate.swift */ = {isa = PBXFileReference; lastKnownFileType = sourcecode.swift; path = AppDelegate.swift; sourceTree = "<group>"; };
		84613D672491EB6C00D53AF7 /* SceneDelegate.swift */ = {isa = PBXFileReference; lastKnownFileType = sourcecode.swift; path = SceneDelegate.swift; sourceTree = "<group>"; };
		84613D692491EB6C00D53AF7 /* ViewController.swift */ = {isa = PBXFileReference; lastKnownFileType = sourcecode.swift; path = ViewController.swift; sourceTree = "<group>"; };
		84613D6C2491EB6C00D53AF7 /* Base */ = {isa = PBXFileReference; lastKnownFileType = file.storyboard; name = Base; path = Base.lproj/Main.storyboard; sourceTree = "<group>"; };
		84613D6E2491EB8400D53AF7 /* Assets.xcassets */ = {isa = PBXFileReference; lastKnownFileType = folder.assetcatalog; path = Assets.xcassets; sourceTree = "<group>"; };
		84613D712491EB8400D53AF7 /* Base */ = {isa = PBXFileReference; lastKnownFileType = file.storyboard; name = Base; path = Base.lproj/LaunchScreen.storyboard; sourceTree = "<group>"; };
		84613D732491EB8400D53AF7 /* Info.plist */ = {isa = PBXFileReference; lastKnownFileType = text.plist.xml; path = Info.plist; sourceTree = "<group>"; };
/* End PBXFileReference section */

/* Begin PBXFrameworksBuildPhase section */
		84613D5F2491EB6C00D53AF7 /* Frameworks */ = {
			isa = PBXFrameworksBuildPhase;
			buildActionMask = 2147483647;
			files = (
			);
			runOnlyForDeploymentPostprocessing = 0;
		};
/* End PBXFrameworksBuildPhase section */

/* Begin PBXGroup section */
		84613D592491EB6C00D53AF7 = {
			isa = PBXGroup;
			children = (
				84613D642491EB6C00D53AF7 /* youtube_one_day_build */,
				84613D632491EB6C00D53AF7 /* Products */,
			);
			sourceTree = "<group>";
		};
		84613D632491EB6C00D53AF7 /* Products */ = {
			isa = PBXGroup;
			children = (
				84613D622491EB6C00D53AF7 /* youtube_one_day_build.app */,
			);
			name = Products;
			sourceTree = "<group>";
		};
		84613D642491EB6C00D53AF7 /* youtube_one_day_build */ = {
			isa = PBXGroup;
			children = (
				84613D652491EB6C00D53AF7 /* AppDelegate.swift */,
				84613D672491EB6C00D53AF7 /* SceneDelegate.swift */,
				84613D692491EB6C00D53AF7 /* ViewController.swift */,
				84613D6B2491EB6C00D53AF7 /* Main.storyboard */,
				84613D6E2491EB8400D53AF7 /* Assets.xcassets */,
				84613D702491EB8400D53AF7 /* LaunchScreen.storyboard */,
				84613D732491EB8400D53AF7 /* Info.plist */,
			);
			path = youtube_one_day_build;
			sourceTree = "<group>";
		};
/* End PBXGroup section */

/* Begin PBXNativeTarget section */
		84613D612491EB6C00D53AF7 /* youtube_one_day_build */ = {
			isa = PBXNativeTarget;
			buildConfigurationList = 84613D762491EB8400D53AF7 /* Build configuration list for PBXNativeTarget "youtube_one_day_build" */;
			buildPhases = (
				84613D5E2491EB6C00D53AF7 /* Sources */,
				84613D5F2491EB6C00D53AF7 /* Frameworks */,
				84613D602491EB6C00D53AF7 /* Resources */,
			);
			buildRules = (
			);
			dependencies = (
			);
			name = youtube_one_day_build;
			productName = youtube_one_day_build;
			productReference = 84613D622491EB6C00D53AF7 /* youtube_one_day_build.app */;
			productType = "com.apple.product-type.application";
		};
/* End PBXNativeTarget section */

/* Begin PBXProject section */
		84613D5A2491EB6C00D53AF7 /* Project object */ = {
			isa = PBXProject;
			attributes = {
				LastSwiftUpdateCheck = 1140;
				LastUpgradeCheck = 1140;
				ORGANIZATIONNAME = DASHtech;
				TargetAttributes = {
					84613D612491EB6C00D53AF7 = {
						CreatedOnToolsVersion = 11.4.1;
					};
				};
			};
			buildConfigurationList = 84613D5D2491EB6C00D53AF7 /* Build configuration list for PBXProject "youtube_one_day_build" */;
			compatibilityVersion = "Xcode 9.3";
			developmentRegion = en;
			hasScannedForEncodings = 0;
			knownRegions = (
				en,
				Base,
			);
			mainGroup = 84613D592491EB6C00D53AF7;
			productRefGroup = 84613D632491EB6C00D53AF7 /* Products */;
			projectDirPath = "";
			projectRoot = "";
			targets = (
				84613D612491EB6C00D53AF7 /* youtube_one_day_build */,
			);
		};
/* End PBXProject section */

/* Begin PBXResourcesBuildPhase section */
		84613D602491EB6C00D53AF7 /* Resources */ = {
			isa = PBXResourcesBuildPhase;
			buildActionMask = 2147483647;
			files = (
				84613D722491EB8400D53AF7 /* LaunchScreen.storyboard in Resources */,
				84613D6F2491EB8400D53AF7 /* Assets.xcassets in Resources */,
				84613D6D2491EB6C00D53AF7 /* Main.storyboard in Resources */,
			);
			runOnlyForDeploymentPostprocessing = 0;
		};
/* End PBXResourcesBuildPhase section */

/* Begin PBXSourcesBuildPhase section */
		84613D5E2491EB6C00D53AF7 /* Sources */ = {
			isa = PBXSourcesBuildPhase;
			buildActionMask = 2147483647;
			files = (
				84613D6A2491EB6C00D53AF7 /* ViewController.swift in Sources */,
				84613D662491EB6C00D53AF7 /* AppDelegate.swift in Sources */,
				84613D682491EB6C00D53AF7 /* SceneDelegate.swift in Sources */,
			);
			runOnlyForDeploymentPostprocessing = 0;
		};
/* End PBXSourcesBuildPhase section */

/* Begin PBXVariantGroup section */
		84613D6B2491EB6C00D53AF7 /* Main.storyboard */ = {
			isa = PBXVariantGroup;
			children = (
				84613D6C2491EB6C00D53AF7 /* Base */,
			);
			name = Main.storyboard;
			sourceTree = "<group>";
		};
		84613D702491EB8400D53AF7 /* LaunchScreen.storyboard */ = {
			isa = PBXVariantGroup;
			children = (
				84613D712491EB8400D53AF7 /* Base */,
			);
			name = LaunchScreen.storyboard;
			sourceTree = "<group>";
		};
/* End PBXVariantGroup section */

/* Begin XCBuildConfiguration section */
		84613D742491EB8400D53AF7 /* Debug */ = {
			isa = XCBuildConfiguration;
			buildSettings = {
				ALWAYS_SEARCH_USER_PATHS = NO;
				CLANG_ANALYZER_NONNULL = YES;
				CLANG_ANALYZER_NUMBER_OBJECT_CONVERSION = YES_AGGRESSIVE;
				CLANG_CXX_LANGUAGE_STANDARD = "gnu++14";
				CLANG_CXX_LIBRARY = "libc++";
				CLANG_ENABLE_MODULES = YES;
				CLANG_ENABLE_OBJC_ARC = YES;
				CLANG_ENABLE_OBJC_WEAK = YES;
				CLANG_WARN_BLOCK_CAPTURE_AUTORELEASING = YES;
				CLANG_WARN_BOOL_CONVERSION = YES;
				CLANG_WARN_COMMA = YES;
				CLANG_WARN_CONSTANT_CONVERSION = YES;
				CLANG_WARN_DEPRECATED_OBJC_IMPLEMENTATIONS = YES;
				CLANG_WARN_DIRECT_OBJC_ISA_USAGE = YES_ERROR;
				CLANG_WARN_DOCUMENTATION_COMMENTS = YES;
				CLANG_WARN_EMPTY_BODY = YES;
				CLANG_WARN_ENUM_CONVERSION = YES;
				CLANG_WARN_INFINITE_RECURSION = YES;
				CLANG_WARN_INT_CONVERSION = YES;
				CLANG_WARN_NON_LITERAL_NULL_CONVERSION = YES;
				CLANG_WARN_OBJC_IMPLICIT_RETAIN_SELF = YES;
				CLANG_WARN_OBJC_LITERAL_CONVERSION = YES;
				CLANG_WARN_OBJC_ROOT_CLASS = YES_ERROR;
				CLANG_WARN_RANGE_LOOP_ANALYSIS = YES;
				CLANG_WARN_STRICT_PROTOTYPES = YES;
				CLANG_WARN_SUSPICIOUS_MOVE = YES;
				CLANG_WARN_UNGUARDED_AVAILABILITY = YES_AGGRESSIVE;
				CLANG_WARN_UNREACHABLE_CODE = YES;
				CLANG_WARN__DUPLICATE_METHOD_MATCH = YES;
				COPY_PHASE_STRIP = NO;
				DEBUG_INFORMATION_FORMAT = dwarf;
				ENABLE_STRICT_OBJC_MSGSEND = YES;
				ENABLE_TESTABILITY = YES;
				GCC_C_LANGUAGE_STANDARD = gnu11;
				GCC_DYNAMIC_NO_PIC = NO;
				GCC_NO_COMMON_BLOCKS = YES;
				GCC_OPTIMIZATION_LEVEL = 0;
				GCC_PREPROCESSOR_DEFINITIONS = (
					"DEBUG=1",
					"$(inherited)",
				);
				GCC_WARN_64_TO_32_BIT_CONVERSION = YES;
				GCC_WARN_ABOUT_RETURN_TYPE = YES_ERROR;
				GCC_WARN_UNDECLARED_SELECTOR = YES;
				GCC_WARN_UNINITIALIZED_AUTOS = YES_AGGRESSIVE;
				GCC_WARN_UNUSED_FUNCTION = YES;
				GCC_WARN_UNUSED_VARIABLE = YES;
				IPHONEOS_DEPLOYMENT_TARGET = 13.4;
				MTL_ENABLE_DEBUG_INFO = INCLUDE_SOURCE;
				MTL_FAST_MATH = YES;
				ONLY_ACTIVE_ARCH = YES;
				SDKROOT = iphoneos;
				SWIFT_ACTIVE_COMPILATION_CONDITIONS = DEBUG;
				SWIFT_OPTIMIZATION_LEVEL = "-Onone";
			};
			name = Debug;
		};
		84613D752491EB8400D53AF7 /* Release */ = {
			isa = XCBuildConfiguration;
			buildSettings = {
				ALWAYS_SEARCH_USER_PATHS = NO;
				CLANG_ANALYZER_NONNULL = YES;
				CLANG_ANALYZER_NUMBER_OBJECT_CONVERSION = YES_AGGRESSIVE;
				CLANG_CXX_LANGUAGE_STANDARD = "gnu++14";
				CLANG_CXX_LIBRARY = "libc++";
				CLANG_ENABLE_MODULES = YES;
				CLANG_ENABLE_OBJC_ARC = YES;
				CLANG_ENABLE_OBJC_WEAK = YES;
				CLANG_WARN_BLOCK_CAPTURE_AUTORELEASING = YES;
				CLANG_WARN_BOOL_CONVERSION = YES;
				CLANG_WARN_COMMA = YES;
				CLANG_WARN_CONSTANT_CONVERSION = YES;
				CLANG_WARN_DEPRECATED_OBJC_IMPLEMENTATIONS = YES;
				CLANG_WARN_DIRECT_OBJC_ISA_USAGE = YES_ERROR;
				CLANG_WARN_DOCUMENTATION_COMMENTS = YES;
				CLANG_WARN_EMPTY_BODY = YES;
				CLANG_WARN_ENUM_CONVERSION = YES;
				CLANG_WARN_INFINITE_RECURSION = YES;
				CLANG_WARN_INT_CONVERSION = YES;
				CLANG_WARN_NON_LITERAL_NULL_CONVERSION = YES;
				CLANG_WARN_OBJC_IMPLICIT_RETAIN_SELF = YES;
				CLANG_WARN_OBJC_LITERAL_CONVERSION = YES;
				CLANG_WARN_OBJC_ROOT_CLASS = YES_ERROR;
				CLANG_WARN_RANGE_LOOP_ANALYSIS = YES;
				CLANG_WARN_STRICT_PROTOTYPES = YES;
				CLANG_WARN_SUSPICIOUS_MOVE = YES;
				CLANG_WARN_UNGUARDED_AVAILABILITY = YES_AGGRESSIVE;
				CLANG_WARN_UNREACHABLE_CODE = YES;
				CLANG_WARN__DUPLICATE_METHOD_MATCH = YES;
				COPY_PHASE_STRIP = NO;
				DEBUG_INFORMATION_FORMAT = "dwarf-with-dsym";
				ENABLE_NS_ASSERTIONS = NO;
				ENABLE_STRICT_OBJC_MSGSEND = YES;
				GCC_C_LANGUAGE_STANDARD = gnu11;
				GCC_NO_COMMON_BLOCKS = YES;
				GCC_WARN_64_TO_32_BIT_CONVERSION = YES;
				GCC_WARN_ABOUT_RETURN_TYPE = YES_ERROR;
				GCC_WARN_UNDECLARED_SELECTOR = YES;
				GCC_WARN_UNINITIALIZED_AUTOS = YES_AGGRESSIVE;
				GCC_WARN_UNUSED_FUNCTION = YES;
				GCC_WARN_UNUSED_VARIABLE = YES;
				IPHONEOS_DEPLOYMENT_TARGET = 13.4;
				MTL_ENABLE_DEBUG_INFO = NO;
				MTL_FAST_MATH = YES;
				SDKROOT = iphoneos;
				SWIFT_COMPILATION_MODE = wholemodule;
				SWIFT_OPTIMIZATION_LEVEL = "-O";
				VALIDATE_PRODUCT = YES;
			};
			name = Release;
		};
		84613D772491EB8400D53AF7 /* Debug */ = {
			isa = XCBuildConfiguration;
			buildSettings = {
				ASSETCATALOG_COMPILER_APPICON_NAME = AppIcon;
				CODE_SIGN_STYLE = Automatic;
				INFOPLIST_FILE = youtube_one_day_build/Info.plist;
				LD_RUNPATH_SEARCH_PATHS = (
					"$(inherited)",
					"@executable_path/Frameworks",
				);
				PRODUCT_BUNDLE_IDENTIFIER = "com.DASHtech.youtube-one-day-build";
				PRODUCT_NAME = "$(TARGET_NAME)";
				SWIFT_VERSION = 5.0;
				TARGETED_DEVICE_FAMILY = "1,2";
			};
			name = Debug;
		};
		84613D782491EB8400D53AF7 /* Release */ = {
			isa = XCBuildConfiguration;
			buildSettings = {
				ASSETCATALOG_COMPILER_APPICON_NAME = AppIcon;
				CODE_SIGN_STYLE = Automatic;
				INFOPLIST_FILE = youtube_one_day_build/Info.plist;
				LD_RUNPATH_SEARCH_PATHS = (
					"$(inherited)",
					"@executable_path/Frameworks",
				);
				PRODUCT_BUNDLE_IDENTIFIER = "com.DASHtech.youtube-one-day-build";
				PRODUCT_NAME = "$(TARGET_NAME)";
				SWIFT_VERSION = 5.0;
				TARGETED_DEVICE_FAMILY = "1,2";
			};
			name = Release;
		};
/* End XCBuildConfiguration section */

/* Begin XCConfigurationList section */
		84613D5D2491EB6C00D53AF7 /* Build configuration list for PBXProject "youtube_one_day_build" */ = {
			isa = XCConfigurationList;
			buildConfigurations = (
				84613D742491EB8400D53AF7 /* Debug */,
				84613D752491EB8400D53AF7 /* Release */,
			);
			defaultConfigurationIsVisible = 0;
			defaultConfigurationName = Release;
		};
		84613D762491EB8400D53AF7 /* Build configuration list for PBXNativeTarget "youtube_one_day_build" */ = {
			isa = XCConfigurationList;
			buildConfigurations = (
				84613D772491EB8400D53AF7 /* Debug */,
				84613D782491EB8400D53AF7 /* Release */,
			);
			defaultConfigurationIsVisible = 0;
			defaultConfigurationName = Release;
		};
/* End XCConfigurationList section */
	};
	rootObject = 84613D5A2491EB6C00D53AF7 /* Project object */;
}
